// !$*UTF8*$!
{
	archiveVersion = 1;
	classes = {
	};
	objectVersion = 50;
	objects = {

/* Begin PBXBuildFile section */
		C00F20CF20B5F888000130EE /* ScannerSDK.m in Sources */ = {isa = PBXBuildFile; fileRef = C00F20CE20B5F888000130EE /* ScannerSDK.m */; };
		C029294E20B3B08100190618 /* BarcodeImage.m in Sources */ = {isa = PBXBuildFile; fileRef = C029294C20B3B08100190618 /* BarcodeImage.m */; };
		C029295120B3B0AC00190618 /* BarcodeGen128.m in Sources */ = {isa = PBXBuildFile; fileRef = C029295020B3B0AC00190618 /* BarcodeGen128.m */; };
		C029295520B3B13C00190618 /* CoreGraphics.framework in Frameworks */ = {isa = PBXBuildFile; fileRef = C029295420B3B13C00190618 /* CoreGraphics.framework */; };
		C029295720B3B14900190618 /* Foundation.framework in Frameworks */ = {isa = PBXBuildFile; fileRef = C029295620B3B14900190618 /* Foundation.framework */; };
		C029295920B3B17F00190618 /* UIKit.framework in Frameworks */ = {isa = PBXBuildFile; fileRef = C029295820B3B17F00190618 /* UIKit.framework */; };
		C085CFBB206F1DF5006AE17C /* RCTZebraScanners.m in Sources */ = {isa = PBXBuildFile; fileRef = C085CFBA206F1DF5006AE17C /* RCTZebraScanners.m */; };
		C085CFBC206F1DF5006AE17C /* RCTZebraScanners.h in CopyFiles */ = {isa = PBXBuildFile; fileRef = C085CFB9206F1DF5006AE17C /* RCTZebraScanners.h */; };
		C085D09A206F26E6006AE17C /* libsymbolbt-sdk.a in Frameworks */ = {isa = PBXBuildFile; fileRef = C085D099206F26E6006AE17C /* libsymbolbt-sdk.a */; };
		C085D09D206F2816006AE17C /* ExternalAccessory.framework in Frameworks */ = {isa = PBXBuildFile; fileRef = C085D09C206F2816006AE17C /* ExternalAccessory.framework */; };
		C085D09F206F281E006AE17C /* CoreBluetooth.framework in Frameworks */ = {isa = PBXBuildFile; fileRef = C085D09E206F281E006AE17C /* CoreBluetooth.framework */; };
/* End PBXBuildFile section */

/* Begin PBXCopyFilesBuildPhase section */
		C085CFB4206F1DF5006AE17C /* CopyFiles */ = {
			isa = PBXCopyFilesBuildPhase;
			buildActionMask = 2147483647;
			dstPath = "include/$(PRODUCT_NAME)";
			dstSubfolderSpec = 16;
			files = (
				C085CFBC206F1DF5006AE17C /* RCTZebraScanners.h in CopyFiles */,
			);
			runOnlyForDeploymentPostprocessing = 0;
		};
/* End PBXCopyFilesBuildPhase section */

/* Begin PBXFileReference section */
		C00F20CD20B5F888000130EE /* ScannerSDK.h */ = {isa = PBXFileReference; lastKnownFileType = sourcecode.c.h; path = ScannerSDK.h; sourceTree = "<group>"; };
		C00F20CE20B5F888000130EE /* ScannerSDK.m */ = {isa = PBXFileReference; lastKnownFileType = sourcecode.c.objc; path = ScannerSDK.m; sourceTree = "<group>"; };
		C029294C20B3B08100190618 /* BarcodeImage.m */ = {isa = PBXFileReference; lastKnownFileType = sourcecode.c.objc; path = BarcodeImage.m; sourceTree = "<group>"; };
		C029294D20B3B08100190618 /* BarcodeImage.h */ = {isa = PBXFileReference; lastKnownFileType = sourcecode.c.h; path = BarcodeImage.h; sourceTree = "<group>"; };
		C029294F20B3B0AB00190618 /* BarcodeGen128.h */ = {isa = PBXFileReference; fileEncoding = 4; lastKnownFileType = sourcecode.c.h; name = BarcodeGen128.h; path = ../../../../../../../../Downloads/ScannerDemoAppSource_v1.3.23/ScannerDemoApp/BarcodeGen128.h; sourceTree = "<group>"; };
		C029295020B3B0AC00190618 /* BarcodeGen128.m */ = {isa = PBXFileReference; fileEncoding = 4; lastKnownFileType = sourcecode.c.objc; name = BarcodeGen128.m; path = ../../../../../../../../Downloads/ScannerDemoAppSource_v1.3.23/ScannerDemoApp/BarcodeGen128.m; sourceTree = "<group>"; };
		C029295420B3B13C00190618 /* CoreGraphics.framework */ = {isa = PBXFileReference; lastKnownFileType = wrapper.framework; name = CoreGraphics.framework; path = Platforms/iPhoneOS.platform/Developer/SDKs/iPhoneOS11.3.sdk/System/Library/Frameworks/CoreGraphics.framework; sourceTree = DEVELOPER_DIR; };
		C029295620B3B14900190618 /* Foundation.framework */ = {isa = PBXFileReference; lastKnownFileType = wrapper.framework; name = Foundation.framework; path = Platforms/iPhoneOS.platform/Developer/SDKs/iPhoneOS11.3.sdk/System/Library/Frameworks/Foundation.framework; sourceTree = DEVELOPER_DIR; };
		C029295820B3B17F00190618 /* UIKit.framework */ = {isa = PBXFileReference; lastKnownFileType = wrapper.framework; name = UIKit.framework; path = Platforms/iPhoneOS.platform/Developer/SDKs/iPhoneOS11.3.sdk/System/Library/Frameworks/UIKit.framework; sourceTree = DEVELOPER_DIR; };
		C085CFB6206F1DF5006AE17C /* libRCTZebraScanners.a */ = {isa = PBXFileReference; explicitFileType = archive.ar; includeInIndex = 0; path = libRCTZebraScanners.a; sourceTree = BUILT_PRODUCTS_DIR; };
		C085CFB9206F1DF5006AE17C /* RCTZebraScanners.h */ = {isa = PBXFileReference; lastKnownFileType = sourcecode.c.h; path = RCTZebraScanners.h; sourceTree = "<group>"; };
		C085CFBA206F1DF5006AE17C /* RCTZebraScanners.m */ = {isa = PBXFileReference; lastKnownFileType = sourcecode.c.objc; path = RCTZebraScanners.m; sourceTree = "<group>"; };
		C085D099206F26E6006AE17C /* libsymbolbt-sdk.a */ = {isa = PBXFileReference; lastKnownFileType = archive.ar; name = "libsymbolbt-sdk.a"; path = "symbolbt-sdk/libsymbolbt-sdk.a"; sourceTree = "<group>"; };
		C085D09C206F2816006AE17C /* ExternalAccessory.framework */ = {isa = PBXFileReference; lastKnownFileType = wrapper.framework; name = ExternalAccessory.framework; path = Platforms/iPhoneOS.platform/Developer/SDKs/iPhoneOS11.3.sdk/System/Library/Frameworks/ExternalAccessory.framework; sourceTree = DEVELOPER_DIR; };
		C085D09E206F281E006AE17C /* CoreBluetooth.framework */ = {isa = PBXFileReference; lastKnownFileType = wrapper.framework; name = CoreBluetooth.framework; path = Platforms/iPhoneOS.platform/Developer/SDKs/iPhoneOS11.3.sdk/System/Library/Frameworks/CoreBluetooth.framework; sourceTree = DEVELOPER_DIR; };
/* End PBXFileReference section */

/* Begin PBXFrameworksBuildPhase section */
		C085CFB3206F1DF5006AE17C /* Frameworks */ = {
			isa = PBXFrameworksBuildPhase;
			buildActionMask = 2147483647;
			files = (
				C085D09F206F281E006AE17C /* CoreBluetooth.framework in Frameworks */,
				C029295520B3B13C00190618 /* CoreGraphics.framework in Frameworks */,
				C085D09D206F2816006AE17C /* ExternalAccessory.framework in Frameworks */,
				C029295720B3B14900190618 /* Foundation.framework in Frameworks */,
				C029295920B3B17F00190618 /* UIKit.framework in Frameworks */,
				C085D09A206F26E6006AE17C /* libsymbolbt-sdk.a in Frameworks */,
			);
			runOnlyForDeploymentPostprocessing = 0;
		};
/* End PBXFrameworksBuildPhase section */

/* Begin PBXGroup section */
		C085CFAB206F1D5A006AE17C = {
			isa = PBXGroup;
			children = (
				C085CFB8206F1DF5006AE17C /* RCTZebraScanners */,
				C085CFB7206F1DF5006AE17C /* Products */,
				C085D09B206F2708006AE17C /* Frameworks */,
			);
			sourceTree = "<group>";
		};
		C085CFB7206F1DF5006AE17C /* Products */ = {
			isa = PBXGroup;
			children = (
				C085CFB6206F1DF5006AE17C /* libRCTZebraScanners.a */,
			);
			name = Products;
			sourceTree = "<group>";
		};
		C085CFB8206F1DF5006AE17C /* RCTZebraScanners */ = {
			isa = PBXGroup;
			children = (
				C029294F20B3B0AB00190618 /* BarcodeGen128.h */,
				C029295020B3B0AC00190618 /* BarcodeGen128.m */,
				C029294D20B3B08100190618 /* BarcodeImage.h */,
				C029294C20B3B08100190618 /* BarcodeImage.m */,
				C085CFB9206F1DF5006AE17C /* RCTZebraScanners.h */,
				C085CFBA206F1DF5006AE17C /* RCTZebraScanners.m */,
				C00F20CD20B5F888000130EE /* ScannerSDK.h */,
				C00F20CE20B5F888000130EE /* ScannerSDK.m */,
			);
			path = RCTZebraScanners;
			sourceTree = "<group>";
		};
		C085D09B206F2708006AE17C /* Frameworks */ = {
			isa = PBXGroup;
			children = (
				C029295820B3B17F00190618 /* UIKit.framework */,
				C029295620B3B14900190618 /* Foundation.framework */,
				C029295420B3B13C00190618 /* CoreGraphics.framework */,
				C085D09E206F281E006AE17C /* CoreBluetooth.framework */,
				C085D09C206F2816006AE17C /* ExternalAccessory.framework */,
				C085D099206F26E6006AE17C /* libsymbolbt-sdk.a */,
			);
			name = Frameworks;
			sourceTree = "<group>";
		};
/* End PBXGroup section */

/* Begin PBXNativeTarget section */
		C085CFB5206F1DF5006AE17C /* RCTZebraScanners */ = {
			isa = PBXNativeTarget;
			buildConfigurationList = C085CFBF206F1DF5006AE17C /* Build configuration list for PBXNativeTarget "RCTZebraScanners" */;
			buildPhases = (
				C085CFB2206F1DF5006AE17C /* Sources */,
				C085CFB3206F1DF5006AE17C /* Frameworks */,
				C085CFB4206F1DF5006AE17C /* CopyFiles */,
			);
			buildRules = (
			);
			dependencies = (
			);
			name = RCTZebraScanners;
			productName = RCTZebraScanners;
			productReference = C085CFB6206F1DF5006AE17C /* libRCTZebraScanners.a */;
			productType = "com.apple.product-type.library.static";
		};
/* End PBXNativeTarget section */

/* Begin PBXProject section */
		C085CFAC206F1D5A006AE17C /* Project object */ = {
			isa = PBXProject;
			attributes = {
				LastUpgradeCheck = 0930;
				TargetAttributes = {
					C085CFB5206F1DF5006AE17C = {
						CreatedOnToolsVersion = 9.3;
					};
				};
			};
			buildConfigurationList = C085CFAF206F1D5A006AE17C /* Build configuration list for PBXProject "RCTZebraScanners" */;
			compatibilityVersion = "Xcode 9.3";
			developmentRegion = en;
			hasScannedForEncodings = 0;
			knownRegions = (
				en,
			);
			mainGroup = C085CFAB206F1D5A006AE17C;
			productRefGroup = C085CFB7206F1DF5006AE17C /* Products */;
			projectDirPath = "";
			projectRoot = "";
			targets = (
				C085CFB5206F1DF5006AE17C /* RCTZebraScanners */,
			);
		};
/* End PBXProject section */

/* Begin PBXSourcesBuildPhase section */
		C085CFB2206F1DF5006AE17C /* Sources */ = {
			isa = PBXSourcesBuildPhase;
			buildActionMask = 2147483647;
			files = (
				C029294E20B3B08100190618 /* BarcodeImage.m in Sources */,
				C085CFBB206F1DF5006AE17C /* RCTZebraScanners.m in Sources */,
				C029295120B3B0AC00190618 /* BarcodeGen128.m in Sources */,
				C00F20CF20B5F888000130EE /* ScannerSDK.m in Sources */,
			);
			runOnlyForDeploymentPostprocessing = 0;
		};
/* End PBXSourcesBuildPhase section */

/* Begin XCBuildConfiguration section */
		C085CFB0206F1D5A006AE17C /* Debug */ = {
			isa = XCBuildConfiguration;
			buildSettings = {
			};
			name = Debug;
		};
		C085CFB1206F1D5A006AE17C /* Release */ = {
			isa = XCBuildConfiguration;
			buildSettings = {
			};
			name = Release;
		};
		C085CFBD206F1DF5006AE17C /* Debug */ = {
			isa = XCBuildConfiguration;
			buildSettings = {
				ALWAYS_SEARCH_USER_PATHS = NO;
				CLANG_ANALYZER_NONNULL = YES;
				CLANG_ANALYZER_NUMBER_OBJECT_CONVERSION = YES_AGGRESSIVE;
				CLANG_CXX_LANGUAGE_STANDARD = "gnu++14";
				CLANG_CXX_LIBRARY = "libc++";
				CLANG_ENABLE_MODULES = YES;
				CLANG_ENABLE_OBJC_ARC = YES;
				CLANG_ENABLE_OBJC_WEAK = YES;
				CLANG_WARN_BLOCK_CAPTURE_AUTORELEASING = YES;
				CLANG_WARN_BOOL_CONVERSION = YES;
				CLANG_WARN_COMMA = YES;
				CLANG_WARN_CONSTANT_CONVERSION = YES;
				CLANG_WARN_DEPRECATED_OBJC_IMPLEMENTATIONS = YES;
				CLANG_WARN_DIRECT_OBJC_ISA_USAGE = YES_ERROR;
				CLANG_WARN_DOCUMENTATION_COMMENTS = YES;
				CLANG_WARN_EMPTY_BODY = YES;
				CLANG_WARN_ENUM_CONVERSION = YES;
				CLANG_WARN_INFINITE_RECURSION = YES;
				CLANG_WARN_INT_CONVERSION = YES;
				CLANG_WARN_NON_LITERAL_NULL_CONVERSION = YES;
				CLANG_WARN_OBJC_IMPLICIT_RETAIN_SELF = YES;
				CLANG_WARN_OBJC_LITERAL_CONVERSION = YES;
				CLANG_WARN_OBJC_ROOT_CLASS = YES_ERROR;
				CLANG_WARN_RANGE_LOOP_ANALYSIS = YES;
				CLANG_WARN_STRICT_PROTOTYPES = YES;
				CLANG_WARN_SUSPICIOUS_MOVE = YES;
				CLANG_WARN_UNGUARDED_AVAILABILITY = YES_AGGRESSIVE;
				CLANG_WARN_UNREACHABLE_CODE = YES;
				CLANG_WARN__DUPLICATE_METHOD_MATCH = YES;
				CODE_SIGN_IDENTITY = "iPhone Developer";
				CODE_SIGN_STYLE = Automatic;
				COPY_PHASE_STRIP = NO;
				DEBUG_INFORMATION_FORMAT = dwarf;
				ENABLE_STRICT_OBJC_MSGSEND = YES;
				ENABLE_TESTABILITY = YES;
				GCC_C_LANGUAGE_STANDARD = gnu11;
				GCC_DYNAMIC_NO_PIC = NO;
				GCC_NO_COMMON_BLOCKS = YES;
				GCC_OPTIMIZATION_LEVEL = 0;
				GCC_PREPROCESSOR_DEFINITIONS = (
					"DEBUG=1",
					"$(inherited)",
				);
				GCC_WARN_64_TO_32_BIT_CONVERSION = YES;
				GCC_WARN_ABOUT_RETURN_TYPE = YES_ERROR;
				GCC_WARN_UNDECLARED_SELECTOR = YES;
				GCC_WARN_UNINITIALIZED_AUTOS = YES_AGGRESSIVE;
				GCC_WARN_UNUSED_FUNCTION = YES;
				GCC_WARN_UNUSED_VARIABLE = YES;
				IPHONEOS_DEPLOYMENT_TARGET = 11.3;
				LIBRARY_SEARCH_PATHS = (
					"$(inherited)",
					"$(PROJECT_DIR)/symbolbt-sdk",
				);
				MTL_ENABLE_DEBUG_INFO = YES;
				ONLY_ACTIVE_ARCH = YES;
				OTHER_LDFLAGS = "-ObjC";
				PRODUCT_NAME = "$(TARGET_NAME)";
				SDKROOT = iphoneos;
				SKIP_INSTALL = YES;
				TARGETED_DEVICE_FAMILY = "1,2";
				USER_HEADER_SEARCH_PATHS = "\"$(SRCROOT)/symbolbt-sdk/include/\"";
			};
			name = Debug;
		};
		C085CFBE206F1DF5006AE17C /* Release */ = {
			isa = XCBuildConfiguration;
			buildSettings = {
				ALWAYS_SEARCH_USER_PATHS = NO;
				CLANG_ANALYZER_NONNULL = YES;
				CLANG_ANALYZER_NUMBER_OBJECT_CONVERSION = YES_AGGRESSIVE;
				CLANG_CXX_LANGUAGE_STANDARD = "gnu++14";
				CLANG_CXX_LIBRARY = "libc++";
				CLANG_ENABLE_MODULES = YES;
				CLANG_ENABLE_OBJC_ARC = YES;
				CLANG_ENABLE_OBJC_WEAK = YES;
				CLANG_WARN_BLOCK_CAPTURE_AUTORELEASING = YES;
				CLANG_WARN_BOOL_CONVERSION = YES;
				CLANG_WARN_COMMA = YES;
				CLANG_WARN_CONSTANT_CONVERSION = YES;
				CLANG_WARN_DEPRECATED_OBJC_IMPLEMENTATIONS = YES;
				CLANG_WARN_DIRECT_OBJC_ISA_USAGE = YES_ERROR;
				CLANG_WARN_DOCUMENTATION_COMMENTS = YES;
				CLANG_WARN_EMPTY_BODY = YES;
				CLANG_WARN_ENUM_CONVERSION = YES;
				CLANG_WARN_INFINITE_RECURSION = YES;
				CLANG_WARN_INT_CONVERSION = YES;
				CLANG_WARN_NON_LITERAL_NULL_CONVERSION = YES;
				CLANG_WARN_OBJC_IMPLICIT_RETAIN_SELF = YES;
				CLANG_WARN_OBJC_LITERAL_CONVERSION = YES;
				CLANG_WARN_OBJC_ROOT_CLASS = YES_ERROR;
				CLANG_WARN_RANGE_LOOP_ANALYSIS = YES;
				CLANG_WARN_STRICT_PROTOTYPES = YES;
				CLANG_WARN_SUSPICIOUS_MOVE = YES;
				CLANG_WARN_UNGUARDED_AVAILABILITY = YES_AGGRESSIVE;
				CLANG_WARN_UNREACHABLE_CODE = YES;
				CLANG_WARN__DUPLICATE_METHOD_MATCH = YES;
				CODE_SIGN_IDENTITY = "iPhone Developer";
				CODE_SIGN_STYLE = Automatic;
				COPY_PHASE_STRIP = NO;
				DEBUG_INFORMATION_FORMAT = "dwarf-with-dsym";
				ENABLE_NS_ASSERTIONS = NO;
				ENABLE_STRICT_OBJC_MSGSEND = YES;
				GCC_C_LANGUAGE_STANDARD = gnu11;
				GCC_NO_COMMON_BLOCKS = YES;
				GCC_WARN_64_TO_32_BIT_CONVERSION = YES;
				GCC_WARN_ABOUT_RETURN_TYPE = YES_ERROR;
				GCC_WARN_UNDECLARED_SELECTOR = YES;
				GCC_WARN_UNINITIALIZED_AUTOS = YES_AGGRESSIVE;
				GCC_WARN_UNUSED_FUNCTION = YES;
				GCC_WARN_UNUSED_VARIABLE = YES;
				IPHONEOS_DEPLOYMENT_TARGET = 11.3;
				LIBRARY_SEARCH_PATHS = (
					"$(inherited)",
					"$(PROJECT_DIR)/symbolbt-sdk",
				);
				MTL_ENABLE_DEBUG_INFO = NO;
				OTHER_LDFLAGS = "-ObjC";
				PRODUCT_NAME = "$(TARGET_NAME)";
				SDKROOT = iphoneos;
				SKIP_INSTALL = YES;
				TARGETED_DEVICE_FAMILY = "1,2";
				USER_HEADER_SEARCH_PATHS = "\"$(SRCROOT)/symbolbt-sdk/include/\"";
				VALIDATE_PRODUCT = YES;
			};
			name = Release;
		};
/* End XCBuildConfiguration section */

/* Begin XCConfigurationList section */
		C085CFAF206F1D5A006AE17C /* Build configuration list for PBXProject "RCTZebraScanners" */ = {
			isa = XCConfigurationList;
			buildConfigurations = (
				C085CFB0206F1D5A006AE17C /* Debug */,
				C085CFB1206F1D5A006AE17C /* Release */,
			);
			defaultConfigurationIsVisible = 0;
			defaultConfigurationName = Release;
		};
		C085CFBF206F1DF5006AE17C /* Build configuration list for PBXNativeTarget "RCTZebraScanners" */ = {
			isa = XCConfigurationList;
			buildConfigurations = (
				C085CFBD206F1DF5006AE17C /* Debug */,
				C085CFBE206F1DF5006AE17C /* Release */,
			);
			defaultConfigurationIsVisible = 0;
			defaultConfigurationName = Release;
		};
/* End XCConfigurationList section */
	};
	rootObject = C085CFAC206F1D5A006AE17C /* Project object */;
}
